
Microsoft Visual Studio Solution File, Format Version 12.00
Project("{FAE04EC0-301F-11D3-BF4B-00C04F79EFBC}") = "Evercraft", "src\Evercraft\Evercraft.csproj", "{58F1C960-EC5F-4D66-8D1A-681789C1C608}"
EndProject
Project("{9A19103F-16F7-4668-BE54-9A1E7A4F7556}") = ".build", ".build\.build.csproj", "{64453D9A-88E4-4DD9-9DA4-1CDC845A3B50}"
EndProject
Project("{FAE04EC0-301F-11D3-BF4B-00C04F79EFBC}") = "Evercraft.Tests", "tests\Evercraft.Tests\Evercraft.Tests.csproj", "{E8F51048-521F-4DE9-A505-C7CC08F994D4}"
EndProject
Project("{2150E333-8FDC-42A3-9474-1A3956D46DE8}") = ".solution", ".solution", "{6FFAC257-3B2B-4F13-BA46-849ACA3481CC}"
ProjectSection(SolutionItems) = preProject
	README.md = README.md
	GitVersion.yml = GitVersion.yml
EndProjectSection
EndProject
Project("{2150E333-8FDC-42A3-9474-1A3956D46DE8}") = ".solution", ".solution", "{6FFAC257-3B2B-4F13-BA46-849ACA3481CC}"
ProjectSection(SolutionItems) = preProject
	README.md = README.md
EndProjectSection
EndProject
Global
	GlobalSection(SolutionConfigurationPlatforms) = preSolution
		Debug|Any CPU = Debug|Any CPU
		Release|Any CPU = Release|Any CPU
	EndGlobalSection
	GlobalSection(ProjectConfigurationPlatforms) = postSolution
		{64453D9A-88E4-4DD9-9DA4-1CDC845A3B50}.Debug|Any CPU.ActiveCfg = Debug|Any CPU
		{64453D9A-88E4-4DD9-9DA4-1CDC845A3B50}.Release|Any CPU.ActiveCfg = Release|Any CPU
		{58F1C960-EC5F-4D66-8D1A-681789C1C608}.Debug|Any CPU.ActiveCfg = Debug|Any CPU
		{58F1C960-EC5F-4D66-8D1A-681789C1C608}.Debug|Any CPU.Build.0 = Debug|Any CPU
		{58F1C960-EC5F-4D66-8D1A-681789C1C608}.Release|Any CPU.ActiveCfg = Release|Any CPU
		{58F1C960-EC5F-4D66-8D1A-681789C1C608}.Release|Any CPU.Build.0 = Release|Any CPU
		{E8F51048-521F-4DE9-A505-C7CC08F994D4}.Debug|Any CPU.ActiveCfg = Debug|Any CPU
		{E8F51048-521F-4DE9-A505-C7CC08F994D4}.Debug|Any CPU.Build.0 = Debug|Any CPU
		{E8F51048-521F-4DE9-A505-C7CC08F994D4}.Release|Any CPU.ActiveCfg = Release|Any CPU
		{E8F51048-521F-4DE9-A505-C7CC08F994D4}.Release|Any CPU.Build.0 = Release|Any CPU
	EndGlobalSection
EndGlobal
